
Microsoft Visual Studio Solution File, Format Version 11.00
# Visual Studio 2010
Project("{FAE04EC0-301F-11D3-BF4B-00C04F79EFBC}") = "Assembly-CSharp", "Assembly-CSharp.csproj", "{582BA953-FDA3-4223-AB84-C82A01A482E7}"
EndProject
Project("{FAE04EC0-301F-11D3-BF4B-00C04F79EFBC}") = "Assembly-CSharp-firstpass", "Assembly-CSharp-firstpass.csproj", "{6B434ADC-21F8-9290-6F00-9ECB703E3216}"
EndProject
Global
	GlobalSection(SolutionConfigurationPlatforms) = preSolution
		Debug|Any CPU = Debug|Any CPU
		Release|Any CPU = Release|Any CPU
	EndGlobalSection
	GlobalSection(ProjectConfigurationPlatforms) = postSolution
		{582BA953-FDA3-4223-AB84-C82A01A482E7}.Debug|Any CPU.ActiveCfg = Debug|Any CPU
		{582BA953-FDA3-4223-AB84-C82A01A482E7}.Debug|Any CPU.Build.0 = Debug|Any CPU
		{582BA953-FDA3-4223-AB84-C82A01A482E7}.Release|Any CPU.ActiveCfg = Release|Any CPU
		{582BA953-FDA3-4223-AB84-C82A01A482E7}.Release|Any CPU.Build.0 = Release|Any CPU
		{6B434ADC-21F8-9290-6F00-9ECB703E3216}.Debug|Any CPU.ActiveCfg = Debug|Any CPU
		{6B434ADC-21F8-9290-6F00-9ECB703E3216}.Debug|Any CPU.Build.0 = Debug|Any CPU
		{6B434ADC-21F8-9290-6F00-9ECB703E3216}.Release|Any CPU.ActiveCfg = Release|Any CPU
		{6B434ADC-21F8-9290-6F00-9ECB703E3216}.Release|Any CPU.Build.0 = Release|Any CPU
	EndGlobalSection
	GlobalSection(SolutionProperties) = preSolution
		HideSolutionNode = FALSE
	EndGlobalSection
	GlobalSection(MonoDevelopProperties) = preSolution
		StartupItem = Assembly-CSharp.csproj
	EndGlobalSection
EndGlobal
